
Microsoft Visual Studio Solution File, Format Version 12.00
# Visual Studio Version 17
VisualStudioVersion = 17.7.34024.191
MinimumVisualStudioVersion = 10.0.40219.1
Project("{FAE04EC0-301F-11D3-BF4B-00C04F79EFBC}") = "AccessModifiersDemo", "AccessModifiersDemo\AccessModifiersDemo.csproj", "{C16F95A9-0992-43DB-A3CF-84C18C548AE0}"
EndProject
Project("{FAE04EC0-301F-11D3-BF4B-00C04F79EFBC}") = "AnimalLibrary", "AnimalLibrary\AnimalLibrary.csproj", "{68EE276F-B195-454C-9FFD-350B752ED6FD}"
EndProject
Global
	GlobalSection(SolutionConfigurationPlatforms) = preSolution
		Debug|Any CPU = Debug|Any CPU
		Release|Any CPU = Release|Any CPU
	EndGlobalSection
	GlobalSection(ProjectConfigurationPlatforms) = postSolution
		{C16F95A9-0992-43DB-A3CF-84C18C548AE0}.Debug|Any CPU.ActiveCfg = Debug|Any CPU
		{C16F95A9-0992-43DB-A3CF-84C18C548AE0}.Debug|Any CPU.Build.0 = Debug|Any CPU
		{C16F95A9-0992-43DB-A3CF-84C18C548AE0}.Release|Any CPU.ActiveCfg = Release|Any CPU
		{C16F95A9-0992-43DB-A3CF-84C18C548AE0}.Release|Any CPU.Build.0 = Release|Any CPU
		{68EE276F-B195-454C-9FFD-350B752ED6FD}.Debug|Any CPU.ActiveCfg = Debug|Any CPU
		{68EE276F-B195-454C-9FFD-350B752ED6FD}.Debug|Any CPU.Build.0 = Debug|Any CPU
		{68EE276F-B195-454C-9FFD-350B752ED6FD}.Release|Any CPU.ActiveCfg = Release|Any CPU
		{68EE276F-B195-454C-9FFD-350B752ED6FD}.Release|Any CPU.Build.0 = Release|Any CPU
	EndGlobalSection
	GlobalSection(SolutionProperties) = preSolution
		HideSolutionNode = FALSE
	EndGlobalSection
	GlobalSection(ExtensibilityGlobals) = postSolution
		SolutionGuid = {E9C0AC2E-8AAB-4ECA-ABDB-74E236A98052}
	EndGlobalSection
EndGlobal
